
Microsoft Visual Studio Solution File, Format Version 12.00
# Visual Studio Version 17
VisualStudioVersion = 17.0.31903.59
MinimumVisualStudioVersion = 10.0.40219.1
Project("{FAE04EC0-301F-11D3-BF4B-00C04F79EFBC}") = "WebShop-Application", "WebShop-Application\WebShop-Application.csproj", "{449A5028-5AAA-468A-96EF-194D7213AAC5}"
EndProject
Global
	GlobalSection(SolutionConfigurationPlatforms) = preSolution
		Debug|Any CPU = Debug|Any CPU
		Release|Any CPU = Release|Any CPU
	EndGlobalSection
	GlobalSection(ProjectConfigurationPlatforms) = postSolution
		{449A5028-5AAA-468A-96EF-194D7213AAC5}.Debug|Any CPU.ActiveCfg = Debug|Any CPU
		{449A5028-5AAA-468A-96EF-194D7213AAC5}.Debug|Any CPU.Build.0 = Debug|Any CPU
		{449A5028-5AAA-468A-96EF-194D7213AAC5}.Release|Any CPU.ActiveCfg = Release|Any CPU
		{449A5028-5AAA-468A-96EF-194D7213AAC5}.Release|Any CPU.Build.0 = Release|Any CPU
	EndGlobalSection
	GlobalSection(SolutionProperties) = preSolution
		HideSolutionNode = FALSE
	EndGlobalSection
	GlobalSection(ExtensibilityGlobals) = postSolution
		SolutionGuid = {5ADC4DD9-EBF5-4EA7-BB30-5CAC319BF7C9}
	EndGlobalSection
EndGlobal
